
Microsoft Visual Studio Solution File, Format Version 12.00
# Visual Studio Version 17
VisualStudioVersion = 17.14.36717.8 d17.14
MinimumVisualStudioVersion = 10.0.40219.1
Project("{FAE04EC0-301F-11D3-BF4B-00C04F79EFBC}") = "PropertyManagementSystem", "PropertyManagementSystem\PropertyManagementSystem.csproj", "{8AA3574B-8ED8-4D40-BA43-3D7D30693C9A}"
EndProject
Project("{2150E333-8FDC-42A3-9474-1A3956D46DE8}") = "src", "src", "{02EA681E-C7D8-13C7-8484-4AC65E1B71E8}"
EndProject
Project("{2150E333-8FDC-42A3-9474-1A3956D46DE8}") = "tests", "tests", "{96E35C6C-5657-4F5B-815E-30CBB5698BE8}"
EndProject
Project("{FAE04EC0-301F-11D3-BF4B-00C04F79EFBC}") = "PropertyManagementSystem.Core", "PropertyManagementSystem.Core\PropertyManagementSystem.Core.csproj", "{F79FB6DA-6202-4E5B-B464-C5D4D74773EB}"
EndProject
Project("{FAE04EC0-301F-11D3-BF4B-00C04F79EFBC}") = "PropertyManagementSystem.Infrastructure", "PropertyManagementSystem.Infrastructure\PropertyManagementSystem.Infrastructure.csproj", "{46948089-6770-47FC-AEA6-10539E5AA362}"
EndProject
Global
	GlobalSection(SolutionConfigurationPlatforms) = preSolution
		Debug|Any CPU = Debug|Any CPU
		Release|Any CPU = Release|Any CPU
	EndGlobalSection
	GlobalSection(ProjectConfigurationPlatforms) = postSolution
		{8AA3574B-8ED8-4D40-BA43-3D7D30693C9A}.Debug|Any CPU.ActiveCfg = Debug|Any CPU
		{8AA3574B-8ED8-4D40-BA43-3D7D30693C9A}.Debug|Any CPU.Build.0 = Debug|Any CPU
		{8AA3574B-8ED8-4D40-BA43-3D7D30693C9A}.Release|Any CPU.ActiveCfg = Release|Any CPU
		{8AA3574B-8ED8-4D40-BA43-3D7D30693C9A}.Release|Any CPU.Build.0 = Release|Any CPU
		{F79FB6DA-6202-4E5B-B464-C5D4D74773EB}.Debug|Any CPU.ActiveCfg = Debug|Any CPU
		{F79FB6DA-6202-4E5B-B464-C5D4D74773EB}.Debug|Any CPU.Build.0 = Debug|Any CPU
		{F79FB6DA-6202-4E5B-B464-C5D4D74773EB}.Release|Any CPU.ActiveCfg = Release|Any CPU
		{F79FB6DA-6202-4E5B-B464-C5D4D74773EB}.Release|Any CPU.Build.0 = Release|Any CPU
		{46948089-6770-47FC-AEA6-10539E5AA362}.Debug|Any CPU.ActiveCfg = Debug|Any CPU
		{46948089-6770-47FC-AEA6-10539E5AA362}.Debug|Any CPU.Build.0 = Debug|Any CPU
		{46948089-6770-47FC-AEA6-10539E5AA362}.Release|Any CPU.ActiveCfg = Release|Any CPU
		{46948089-6770-47FC-AEA6-10539E5AA362}.Release|Any CPU.Build.0 = Release|Any CPU
	EndGlobalSection
	GlobalSection(SolutionProperties) = preSolution
		HideSolutionNode = FALSE
	EndGlobalSection
	GlobalSection(NestedProjects) = preSolution
		{8AA3574B-8ED8-4D40-BA43-3D7D30693C9A} = {02EA681E-C7D8-13C7-8484-4AC65E1B71E8}
	EndGlobalSection
	GlobalSection(ExtensibilityGlobals) = postSolution
		SolutionGuid = {78768B36-A664-48DF-98AE-B9DE7AE099C9}
	EndGlobalSection
EndGlobal
